// !$*UTF8*$!
{
	archiveVersion = 1;
	classes = {
	};
	objectVersion = 46;
	objects = {

/* Begin PBXBuildFile section */
		1C2767611B55F568004B23B1 /* AppDelegate.swift in Sources */ = {isa = PBXBuildFile; fileRef = 1C2767601B55F568004B23B1 /* AppDelegate.swift */; };
		1C2767631B55F568004B23B1 /* ViewController.swift in Sources */ = {isa = PBXBuildFile; fileRef = 1C2767621B55F568004B23B1 /* ViewController.swift */; };
		1C2767661B55F568004B23B1 /* Main.storyboard in Resources */ = {isa = PBXBuildFile; fileRef = 1C2767641B55F568004B23B1 /* Main.storyboard */; };
		1C2767681B55F568004B23B1 /* Images.xcassets in Resources */ = {isa = PBXBuildFile; fileRef = 1C2767671B55F568004B23B1 /* Images.xcassets */; };
		1C27676B1B55F568004B23B1 /* LaunchScreen.xib in Resources */ = {isa = PBXBuildFile; fileRef = 1C2767691B55F568004B23B1 /* LaunchScreen.xib */; };
		1C2767771B55F568004B23B1 /* SmartWindowPhoneTests.swift in Sources */ = {isa = PBXBuildFile; fileRef = 1C2767761B55F568004B23B1 /* SmartWindowPhoneTests.swift */; };
/* End PBXBuildFile section */

/* Begin PBXContainerItemProxy section */
		1C2767711B55F568004B23B1 /* PBXContainerItemProxy */ = {
			isa = PBXContainerItemProxy;
			containerPortal = 1C2767531B55F568004B23B1 /* Project object */;
			proxyType = 1;
			remoteGlobalIDString = 1C27675A1B55F568004B23B1;
			remoteInfo = SmartWindowPhone;
		};
/* End PBXContainerItemProxy section */

/* Begin PBXFileReference section */
		1C27675B1B55F568004B23B1 /* SmartWindowPhone.app */ = {isa = PBXFileReference; explicitFileType = wrapper.application; includeInIndex = 0; path = SmartWindowPhone.app; sourceTree = BUILT_PRODUCTS_DIR; };
		1C27675F1B55F568004B23B1 /* Info.plist */ = {isa = PBXFileReference; lastKnownFileType = text.plist.xml; path = Info.plist; sourceTree = "<group>"; };
		1C2767601B55F568004B23B1 /* AppDelegate.swift */ = {isa = PBXFileReference; lastKnownFileType = sourcecode.swift; path = AppDelegate.swift; sourceTree = "<group>"; };
		1C2767621B55F568004B23B1 /* ViewController.swift */ = {isa = PBXFileReference; lastKnownFileType = sourcecode.swift; path = ViewController.swift; sourceTree = "<group>"; };
		1C2767651B55F568004B23B1 /* Base */ = {isa = PBXFileReference; lastKnownFileType = file.storyboard; name = Base; path = Base.lproj/Main.storyboard; sourceTree = "<group>"; };
		1C2767671B55F568004B23B1 /* Images.xcassets */ = {isa = PBXFileReference; lastKnownFileType = folder.assetcatalog; path = Images.xcassets; sourceTree = "<group>"; };
		1C27676A1B55F568004B23B1 /* Base */ = {isa = PBXFileReference; lastKnownFileType = file.xib; name = Base; path = Base.lproj/LaunchScreen.xib; sourceTree = "<group>"; };
		1C2767701B55F568004B23B1 /* SmartWindowPhoneTests.xctest */ = {isa = PBXFileReference; explicitFileType = wrapper.cfbundle; includeInIndex = 0; path = SmartWindowPhoneTests.xctest; sourceTree = BUILT_PRODUCTS_DIR; };
		1C2767751B55F568004B23B1 /* Info.plist */ = {isa = PBXFileReference; lastKnownFileType = text.plist.xml; path = Info.plist; sourceTree = "<group>"; };
		1C2767761B55F568004B23B1 /* SmartWindowPhoneTests.swift */ = {isa = PBXFileReference; lastKnownFileType = sourcecode.swift; path = SmartWindowPhoneTests.swift; sourceTree = "<group>"; };
/* End PBXFileReference section */

/* Begin PBXFrameworksBuildPhase section */
		1C2767581B55F568004B23B1 /* Frameworks */ = {
			isa = PBXFrameworksBuildPhase;
			buildActionMask = 2147483647;
			files = (
			);
			runOnlyForDeploymentPostprocessing = 0;
		};
		1C27676D1B55F568004B23B1 /* Frameworks */ = {
			isa = PBXFrameworksBuildPhase;
			buildActionMask = 2147483647;
			files = (
			);
			runOnlyForDeploymentPostprocessing = 0;
		};
/* End PBXFrameworksBuildPhase section */

/* Begin PBXGroup section */
		1C2767521B55F568004B23B1 = {
			isa = PBXGroup;
			children = (
				1C27675D1B55F568004B23B1 /* SmartWindowPhone */,
				1C2767731B55F568004B23B1 /* SmartWindowPhoneTests */,
				1C27675C1B55F568004B23B1 /* Products */,
			);
			sourceTree = "<group>";
		};
		1C27675C1B55F568004B23B1 /* Products */ = {
			isa = PBXGroup;
			children = (
				1C27675B1B55F568004B23B1 /* SmartWindowPhone.app */,
				1C2767701B55F568004B23B1 /* SmartWindowPhoneTests.xctest */,
			);
			name = Products;
			sourceTree = "<group>";
		};
		1C27675D1B55F568004B23B1 /* SmartWindowPhone */ = {
			isa = PBXGroup;
			children = (
				1C2767601B55F568004B23B1 /* AppDelegate.swift */,
				1C2767621B55F568004B23B1 /* ViewController.swift */,
				1C2767641B55F568004B23B1 /* Main.storyboard */,
				1C2767671B55F568004B23B1 /* Images.xcassets */,
				1C2767691B55F568004B23B1 /* LaunchScreen.xib */,
				1C27675E1B55F568004B23B1 /* Supporting Files */,
			);
			path = SmartWindowPhone;
			sourceTree = "<group>";
		};
		1C27675E1B55F568004B23B1 /* Supporting Files */ = {
			isa = PBXGroup;
			children = (
				1C27675F1B55F568004B23B1 /* Info.plist */,
			);
			name = "Supporting Files";
			sourceTree = "<group>";
		};
		1C2767731B55F568004B23B1 /* SmartWindowPhoneTests */ = {
			isa = PBXGroup;
			children = (
				1C2767761B55F568004B23B1 /* SmartWindowPhoneTests.swift */,
				1C2767741B55F568004B23B1 /* Supporting Files */,
			);
			path = SmartWindowPhoneTests;
			sourceTree = "<group>";
		};
		1C2767741B55F568004B23B1 /* Supporting Files */ = {
			isa = PBXGroup;
			children = (
				1C2767751B55F568004B23B1 /* Info.plist */,
			);
			name = "Supporting Files";
			sourceTree = "<group>";
		};
/* End PBXGroup section */

/* Begin PBXNativeTarget section */
		1C27675A1B55F568004B23B1 /* SmartWindowPhone */ = {
			isa = PBXNativeTarget;
			buildConfigurationList = 1C27677A1B55F569004B23B1 /* Build configuration list for PBXNativeTarget "SmartWindowPhone" */;
			buildPhases = (
				1C2767571B55F568004B23B1 /* Sources */,
				1C2767581B55F568004B23B1 /* Frameworks */,
				1C2767591B55F568004B23B1 /* Resources */,
			);
			buildRules = (
			);
			dependencies = (
			);
			name = SmartWindowPhone;
			productName = SmartWindowPhone;
			productReference = 1C27675B1B55F568004B23B1 /* SmartWindowPhone.app */;
			productType = "com.apple.product-type.application";
		};
		1C27676F1B55F568004B23B1 /* SmartWindowPhoneTests */ = {
			isa = PBXNativeTarget;
			buildConfigurationList = 1C27677D1B55F569004B23B1 /* Build configuration list for PBXNativeTarget "SmartWindowPhoneTests" */;
			buildPhases = (
				1C27676C1B55F568004B23B1 /* Sources */,
				1C27676D1B55F568004B23B1 /* Frameworks */,
				1C27676E1B55F568004B23B1 /* Resources */,
			);
			buildRules = (
			);
			dependencies = (
				1C2767721B55F568004B23B1 /* PBXTargetDependency */,
			);
			name = SmartWindowPhoneTests;
			productName = SmartWindowPhoneTests;
			productReference = 1C2767701B55F568004B23B1 /* SmartWindowPhoneTests.xctest */;
			productType = "com.apple.product-type.bundle.unit-test";
		};
/* End PBXNativeTarget section */

/* Begin PBXProject section */
		1C2767531B55F568004B23B1 /* Project object */ = {
			isa = PBXProject;
			attributes = {
				LastUpgradeCheck = 0640;
				ORGANIZATIONNAME = "TI Interns";
				TargetAttributes = {
					1C27675A1B55F568004B23B1 = {
						CreatedOnToolsVersion = 6.4;
					};
					1C27676F1B55F568004B23B1 = {
						CreatedOnToolsVersion = 6.4;
						TestTargetID = 1C27675A1B55F568004B23B1;
					};
				};
			};
			buildConfigurationList = 1C2767561B55F568004B23B1 /* Build configuration list for PBXProject "SmartWindowPhone" */;
			compatibilityVersion = "Xcode 3.2";
			developmentRegion = English;
			hasScannedForEncodings = 0;
			knownRegions = (
				en,
				Base,
			);
			mainGroup = 1C2767521B55F568004B23B1;
			productRefGroup = 1C27675C1B55F568004B23B1 /* Products */;
			projectDirPath = "";
			projectRoot = "";
			targets = (
				1C27675A1B55F568004B23B1 /* SmartWindowPhone */,
				1C27676F1B55F568004B23B1 /* SmartWindowPhoneTests */,
			);
		};
/* End PBXProject section */

/* Begin PBXResourcesBuildPhase section */
		1C2767591B55F568004B23B1 /* Resources */ = {
			isa = PBXResourcesBuildPhase;
			buildActionMask = 2147483647;
			files = (
				1C2767661B55F568004B23B1 /* Main.storyboard in Resources */,
				1C27676B1B55F568004B23B1 /* LaunchScreen.xib in Resources */,
				1C2767681B55F568004B23B1 /* Images.xcassets in Resources */,
			);
			runOnlyForDeploymentPostprocessing = 0;
		};
		1C27676E1B55F568004B23B1 /* Resources */ = {
			isa = PBXResourcesBuildPhase;
			buildActionMask = 2147483647;
			files = (
			);
			runOnlyForDeploymentPostprocessing = 0;
		};
/* End PBXResourcesBuildPhase section */

/* Begin PBXSourcesBuildPhase section */
		1C2767571B55F568004B23B1 /* Sources */ = {
			isa = PBXSourcesBuildPhase;
			buildActionMask = 2147483647;
			files = (
				1C2767631B55F568004B23B1 /* ViewController.swift in Sources */,
				1C2767611B55F568004B23B1 /* AppDelegate.swift in Sources */,
			);
			runOnlyForDeploymentPostprocessing = 0;
		};
		1C27676C1B55F568004B23B1 /* Sources */ = {
			isa = PBXSourcesBuildPhase;
			buildActionMask = 2147483647;
			files = (
				1C2767771B55F568004B23B1 /* SmartWindowPhoneTests.swift in Sources */,
			);
			runOnlyForDeploymentPostprocessing = 0;
		};
/* End PBXSourcesBuildPhase section */

/* Begin PBXTargetDependency section */
		1C2767721B55F568004B23B1 /* PBXTargetDependency */ = {
			isa = PBXTargetDependency;
			target = 1C27675A1B55F568004B23B1 /* SmartWindowPhone */;
			targetProxy = 1C2767711B55F568004B23B1 /* PBXContainerItemProxy */;
		};
/* End PBXTargetDependency section */

/* Begin PBXVariantGroup section */
		1C2767641B55F568004B23B1 /* Main.storyboard */ = {
			isa = PBXVariantGroup;
			children = (
				1C2767651B55F568004B23B1 /* Base */,
			);
			name = Main.storyboard;
			sourceTree = "<group>";
		};
		1C2767691B55F568004B23B1 /* LaunchScreen.xib */ = {
			isa = PBXVariantGroup;
			children = (
				1C27676A1B55F568004B23B1 /* Base */,
			);
			name = LaunchScreen.xib;
			sourceTree = "<group>";
		};
/* End PBXVariantGroup section */

/* Begin XCBuildConfiguration section */
		1C2767781B55F569004B23B1 /* Debug */ = {
			isa = XCBuildConfiguration;
			buildSettings = {
				ALWAYS_SEARCH_USER_PATHS = NO;
				CLANG_CXX_LANGUAGE_STANDARD = "gnu++0x";
				CLANG_CXX_LIBRARY = "libc++";
				CLANG_ENABLE_MODULES = YES;
				CLANG_ENABLE_OBJC_ARC = YES;
				CLANG_WARN_BOOL_CONVERSION = YES;
				CLANG_WARN_CONSTANT_CONVERSION = YES;
				CLANG_WARN_DIRECT_OBJC_ISA_USAGE = YES_ERROR;
				CLANG_WARN_EMPTY_BODY = YES;
				CLANG_WARN_ENUM_CONVERSION = YES;
				CLANG_WARN_INT_CONVERSION = YES;
				CLANG_WARN_OBJC_ROOT_CLASS = YES_ERROR;
				CLANG_WARN_UNREACHABLE_CODE = YES;
				CLANG_WARN__DUPLICATE_METHOD_MATCH = YES;
				"CODE_SIGN_IDENTITY[sdk=iphoneos*]" = "iPhone Developer";
				COPY_PHASE_STRIP = NO;
				DEBUG_INFORMATION_FORMAT = "dwarf-with-dsym";
				ENABLE_STRICT_OBJC_MSGSEND = YES;
				GCC_C_LANGUAGE_STANDARD = gnu99;
				GCC_DYNAMIC_NO_PIC = NO;
				GCC_NO_COMMON_BLOCKS = YES;
				GCC_OPTIMIZATION_LEVEL = 0;
				GCC_PREPROCESSOR_DEFINITIONS = (
					"DEBUG=1",
					"$(inherited)",
				);
				GCC_SYMBOLS_PRIVATE_EXTERN = NO;
				GCC_WARN_64_TO_32_BIT_CONVERSION = YES;
				GCC_WARN_ABOUT_RETURN_TYPE = YES_ERROR;
				GCC_WARN_UNDECLARED_SELECTOR = YES;
				GCC_WARN_UNINITIALIZED_AUTOS = YES_AGGRESSIVE;
				GCC_WARN_UNUSED_FUNCTION = YES;
				GCC_WARN_UNUSED_VARIABLE = YES;
				IPHONEOS_DEPLOYMENT_TARGET = 8.4;
				MTL_ENABLE_DEBUG_INFO = YES;
				ONLY_ACTIVE_ARCH = YES;
				SDKROOT = iphoneos;
				SWIFT_OPTIMIZATION_LEVEL = "-Onone";
			};
			name = Debug;
		};
		1C2767791B55F569004B23B1 /* Release */ = {
			isa = XCBuildConfiguration;
			buildSettings = {
				ALWAYS_SEARCH_USER_PATHS = NO;
				CLANG_CXX_LANGUAGE_STANDARD = "gnu++0x";
				CLANG_CXX_LIBRARY = "libc++";
				CLANG_ENABLE_MODULES = YES;
				CLANG_ENABLE_OBJC_ARC = YES;
				CLANG_WARN_BOOL_CONVERSION = YES;
				CLANG_WARN_CONSTANT_CONVERSION = YES;
				CLANG_WARN_DIRECT_OBJC_ISA_USAGE = YES_ERROR;
				CLANG_WARN_EMPTY_BODY = YES;
				CLANG_WARN_ENUM_CONVERSION = YES;
				CLANG_WARN_INT_CONVERSION = YES;
				CLANG_WARN_OBJC_ROOT_CLASS = YES_ERROR;
				CLANG_WARN_UNREACHABLE_CODE = YES;
				CLANG_WARN__DUPLICATE_METHOD_MATCH = YES;
				"CODE_SIGN_IDENTITY[sdk=iphoneos*]" = "iPhone Developer";
				COPY_PHASE_STRIP = NO;
				DEBUG_INFORMATION_FORMAT = "dwarf-with-dsym";
				ENABLE_NS_ASSERTIONS = NO;
				ENABLE_STRICT_OBJC_MSGSEND = YES;
				GCC_C_LANGUAGE_STANDARD = gnu99;
				GCC_NO_COMMON_BLOCKS = YES;
				GCC_WARN_64_TO_32_BIT_CONVERSION = YES;
				GCC_WARN_ABOUT_RETURN_TYPE = YES_ERROR;
				GCC_WARN_UNDECLARED_SELECTOR = YES;
				GCC_WARN_UNINITIALIZED_AUTOS = YES_AGGRESSIVE;
				GCC_WARN_UNUSED_FUNCTION = YES;
				GCC_WARN_UNUSED_VARIABLE = YES;
				IPHONEOS_DEPLOYMENT_TARGET = 8.4;
				MTL_ENABLE_DEBUG_INFO = NO;
				SDKROOT = iphoneos;
				VALIDATE_PRODUCT = YES;
			};
			name = Release;
		};
		1C27677B1B55F569004B23B1 /* Debug */ = {
			isa = XCBuildConfiguration;
			buildSettings = {
				ASSETCATALOG_COMPILER_APPICON_NAME = AppIcon;
				INFOPLIST_FILE = SmartWindowPhone/Info.plist;
				LD_RUNPATH_SEARCH_PATHS = "$(inherited) @executable_path/Frameworks";
				PRODUCT_NAME = "$(TARGET_NAME)";
			};
			name = Debug;
		};
		1C27677C1B55F569004B23B1 /* Release */ = {
			isa = XCBuildConfiguration;
			buildSettings = {
				ASSETCATALOG_COMPILER_APPICON_NAME = AppIcon;
				INFOPLIST_FILE = SmartWindowPhone/Info.plist;
				LD_RUNPATH_SEARCH_PATHS = "$(inherited) @executable_path/Frameworks";
				PRODUCT_NAME = "$(TARGET_NAME)";
			};
			name = Release;
		};
		1C27677E1B55F569004B23B1 /* Debug */ = {
			isa = XCBuildConfiguration;
			buildSettings = {
				BUNDLE_LOADER = "$(TEST_HOST)";
				FRAMEWORK_SEARCH_PATHS = (
					"$(SDKROOT)/Developer/Library/Frameworks",
					"$(inherited)",
				);
				GCC_PREPROCESSOR_DEFINITIONS = (
					"DEBUG=1",
					"$(inherited)",
				);
				INFOPLIST_FILE = SmartWindowPhoneTests/Info.plist;
				LD_RUNPATH_SEARCH_PATHS = "$(inherited) @executable_path/Frameworks @loader_path/Frameworks";
				PRODUCT_NAME = "$(TARGET_NAME)";
				TEST_HOST = "$(BUILT_PRODUCTS_DIR)/SmartWindowPhone.app/SmartWindowPhone";
			};
			name = Debug;
		};
		1C27677F1B55F569004B23B1 /* Release */ = {
			isa = XCBuildConfiguration;
			buildSettings = {
				BUNDLE_LOADER = "$(TEST_HOST)";
				FRAMEWORK_SEARCH_PATHS = (
					"$(SDKROOT)/Developer/Library/Frameworks",
					"$(inherited)",
				);
				INFOPLIST_FILE = SmartWindowPhoneTests/Info.plist;
				LD_RUNPATH_SEARCH_PATHS = "$(inherited) @executable_path/Frameworks @loader_path/Frameworks";
				PRODUCT_NAME = "$(TARGET_NAME)";
				TEST_HOST = "$(BUILT_PRODUCTS_DIR)/SmartWindowPhone.app/SmartWindowPhone";
			};
			name = Release;
		};
/* End XCBuildConfiguration section */

/* Begin XCConfigurationList section */
		1C2767561B55F568004B23B1 /* Build configuration list for PBXProject "SmartWindowPhone" */ = {
			isa = XCConfigurationList;
			buildConfigurations = (
				1C2767781B55F569004B23B1 /* Debug */,
				1C2767791B55F569004B23B1 /* Release */,
			);
			defaultConfigurationIsVisible = 0;
			defaultConfigurationName = Release;
		};
		1C27677A1B55F569004B23B1 /* Build configuration list for PBXNativeTarget "SmartWindowPhone" */ = {
			isa = XCConfigurationList;
			buildConfigurations = (
				1C27677B1B55F569004B23B1 /* Debug */,
				1C27677C1B55F569004B23B1 /* Release */,
			);
			defaultConfigurationIsVisible = 0;
		};
		1C27677D1B55F569004B23B1 /* Build configuration list for PBXNativeTarget "SmartWindowPhoneTests" */ = {
			isa = XCConfigurationList;
			buildConfigurations = (
				1C27677E1B55F569004B23B1 /* Debug */,
				1C27677F1B55F569004B23B1 /* Release */,
			);
			defaultConfigurationIsVisible = 0;
		};
/* End XCConfigurationList section */
	};
	rootObject = 1C2767531B55F568004B23B1 /* Project object */;
}
